
Microsoft Visual Studio Solution File, Format Version 12.00
# Visual Studio Version 16
VisualStudioVersion = 16.0.31005.135
MinimumVisualStudioVersion = 10.0.40219.1
Project("{9A19103F-16F7-4668-BE54-9A1E7A4F7556}") = "BlazorWasm", "Frontend\BlazorWasm\BlazorWasm.csproj", "{3CFFBC14-5207-4AF1-B87B-571F148CC7D2}"
EndProject
Project("{9A19103F-16F7-4668-BE54-9A1E7A4F7556}") = "Data", "Backend\AspnetCore\Data\Data.csproj", "{CE647020-934E-48F2-B513-603B4DF67275}"
EndProject
Project("{9A19103F-16F7-4668-BE54-9A1E7A4F7556}") = "Entity", "Backend\AspnetCore\Entity\Entity.csproj", "{3FA72596-E773-4E05-8091-0BA1FF9DB466}"
EndProject
Project("{9A19103F-16F7-4668-BE54-9A1E7A4F7556}") = "Service", "Backend\AspnetCore\Service\Service.csproj", "{A03B5F2A-5A1E-4BEA-A69A-42D27969FCAA}"
EndProject
Project("{9A19103F-16F7-4668-BE54-9A1E7A4F7556}") = "Utility", "Backend\AspnetCore\Utility\Utility.csproj", "{8C4C425D-8631-47B0-AA1B-73C71EC1448A}"
EndProject
Project("{9A19103F-16F7-4668-BE54-9A1E7A4F7556}") = "WebApi", "Backend\AspnetCore\WebApi\WebApi.csproj", "{ECBE9EB7-3531-4316-99ED-A9FDB2714218}"
EndProject
Global
	GlobalSection(SolutionConfigurationPlatforms) = preSolution
		Debug|Any CPU = Debug|Any CPU
		Release|Any CPU = Release|Any CPU
	EndGlobalSection
	GlobalSection(ProjectConfigurationPlatforms) = postSolution
		{3CFFBC14-5207-4AF1-B87B-571F148CC7D2}.Debug|Any CPU.ActiveCfg = Debug|Any CPU
		{3CFFBC14-5207-4AF1-B87B-571F148CC7D2}.Debug|Any CPU.Build.0 = Debug|Any CPU
		{3CFFBC14-5207-4AF1-B87B-571F148CC7D2}.Release|Any CPU.ActiveCfg = Release|Any CPU
		{3CFFBC14-5207-4AF1-B87B-571F148CC7D2}.Release|Any CPU.Build.0 = Release|Any CPU
		{CE647020-934E-48F2-B513-603B4DF67275}.Debug|Any CPU.ActiveCfg = Debug|Any CPU
		{CE647020-934E-48F2-B513-603B4DF67275}.Debug|Any CPU.Build.0 = Debug|Any CPU
		{CE647020-934E-48F2-B513-603B4DF67275}.Release|Any CPU.ActiveCfg = Release|Any CPU
		{CE647020-934E-48F2-B513-603B4DF67275}.Release|Any CPU.Build.0 = Release|Any CPU
		{3FA72596-E773-4E05-8091-0BA1FF9DB466}.Debug|Any CPU.ActiveCfg = Debug|Any CPU
		{3FA72596-E773-4E05-8091-0BA1FF9DB466}.Debug|Any CPU.Build.0 = Debug|Any CPU
		{3FA72596-E773-4E05-8091-0BA1FF9DB466}.Release|Any CPU.ActiveCfg = Release|Any CPU
		{3FA72596-E773-4E05-8091-0BA1FF9DB466}.Release|Any CPU.Build.0 = Release|Any CPU
		{A03B5F2A-5A1E-4BEA-A69A-42D27969FCAA}.Debug|Any CPU.ActiveCfg = Debug|Any CPU
		{A03B5F2A-5A1E-4BEA-A69A-42D27969FCAA}.Debug|Any CPU.Build.0 = Debug|Any CPU
		{A03B5F2A-5A1E-4BEA-A69A-42D27969FCAA}.Release|Any CPU.ActiveCfg = Release|Any CPU
		{A03B5F2A-5A1E-4BEA-A69A-42D27969FCAA}.Release|Any CPU.Build.0 = Release|Any CPU
		{8C4C425D-8631-47B0-AA1B-73C71EC1448A}.Debug|Any CPU.ActiveCfg = Debug|Any CPU
		{8C4C425D-8631-47B0-AA1B-73C71EC1448A}.Debug|Any CPU.Build.0 = Debug|Any CPU
		{8C4C425D-8631-47B0-AA1B-73C71EC1448A}.Release|Any CPU.ActiveCfg = Release|Any CPU
		{8C4C425D-8631-47B0-AA1B-73C71EC1448A}.Release|Any CPU.Build.0 = Release|Any CPU
		{ECBE9EB7-3531-4316-99ED-A9FDB2714218}.Debug|Any CPU.ActiveCfg = Debug|Any CPU
		{ECBE9EB7-3531-4316-99ED-A9FDB2714218}.Debug|Any CPU.Build.0 = Debug|Any CPU
		{ECBE9EB7-3531-4316-99ED-A9FDB2714218}.Release|Any CPU.ActiveCfg = Release|Any CPU
		{ECBE9EB7-3531-4316-99ED-A9FDB2714218}.Release|Any CPU.Build.0 = Release|Any CPU
	EndGlobalSection
	GlobalSection(SolutionProperties) = preSolution
		HideSolutionNode = FALSE
	EndGlobalSection
	GlobalSection(ExtensibilityGlobals) = postSolution
		SolutionGuid = {CBE11C7D-015D-453F-89E2-AD1277B86407}
	EndGlobalSection
EndGlobal
